
Microsoft Visual Studio Solution File, Format Version 12.00
# Visual Studio Version 16
VisualStudioVersion = 16.0.29326.143
MinimumVisualStudioVersion = 10.0.40219.1
Project("{FAE04EC0-301F-11D3-BF4B-00C04F79EFBC}") = "Testninja", "Testninja\Testninja.csproj", "{BB7523E6-F210-41A8-971D-980C706800BD}"
EndProject
Project("{FAE04EC0-301F-11D3-BF4B-00C04F79EFBC}") = "Testninja.Unittests", "Testninja.Unittests\Testninja.Unittests.csproj", "{522ED5D5-C1D8-4E16-8D78-8B891D0DBE6F}"
EndProject
Global
	GlobalSection(SolutionConfigurationPlatforms) = preSolution
		Debug|Any CPU = Debug|Any CPU
		Release|Any CPU = Release|Any CPU
	EndGlobalSection
	GlobalSection(ProjectConfigurationPlatforms) = postSolution
		{BB7523E6-F210-41A8-971D-980C706800BD}.Debug|Any CPU.ActiveCfg = Debug|Any CPU
		{BB7523E6-F210-41A8-971D-980C706800BD}.Debug|Any CPU.Build.0 = Debug|Any CPU
		{BB7523E6-F210-41A8-971D-980C706800BD}.Release|Any CPU.ActiveCfg = Release|Any CPU
		{BB7523E6-F210-41A8-971D-980C706800BD}.Release|Any CPU.Build.0 = Release|Any CPU
		{522ED5D5-C1D8-4E16-8D78-8B891D0DBE6F}.Debug|Any CPU.ActiveCfg = Debug|Any CPU
		{522ED5D5-C1D8-4E16-8D78-8B891D0DBE6F}.Debug|Any CPU.Build.0 = Debug|Any CPU
		{522ED5D5-C1D8-4E16-8D78-8B891D0DBE6F}.Release|Any CPU.ActiveCfg = Release|Any CPU
		{522ED5D5-C1D8-4E16-8D78-8B891D0DBE6F}.Release|Any CPU.Build.0 = Release|Any CPU
	EndGlobalSection
	GlobalSection(SolutionProperties) = preSolution
		HideSolutionNode = FALSE
	EndGlobalSection
	GlobalSection(ExtensibilityGlobals) = postSolution
		SolutionGuid = {A571AF04-2F7A-47A5-B2D8-686CFCAD53DE}
	EndGlobalSection
EndGlobal
